// !$*UTF8*$!
{
	archiveVersion = 1;
	classes = {
	};
	objectVersion = 48;
	objects = {

/* Begin PBXBuildFile section */
		936752FF2060A2BC009C7651 /* AppDelegate.swift in Sources */ = {isa = PBXBuildFile; fileRef = 936752FE2060A2BC009C7651 /* AppDelegate.swift */; };
		936753012060A2BC009C7651 /* OneVC.swift in Sources */ = {isa = PBXBuildFile; fileRef = 936753002060A2BC009C7651 /* OneVC.swift */; };
		936753042060A2BC009C7651 /* Main.storyboard in Resources */ = {isa = PBXBuildFile; fileRef = 936753022060A2BC009C7651 /* Main.storyboard */; };
		936753062060A2BC009C7651 /* Assets.xcassets in Resources */ = {isa = PBXBuildFile; fileRef = 936753052060A2BC009C7651 /* Assets.xcassets */; };
		936753092060A2BC009C7651 /* LaunchScreen.storyboard in Resources */ = {isa = PBXBuildFile; fileRef = 936753072060A2BC009C7651 /* LaunchScreen.storyboard */; };
		936753112060B3AB009C7651 /* TwoVC.swift in Sources */ = {isa = PBXBuildFile; fileRef = 936753102060B3AB009C7651 /* TwoVC.swift */; };
		9367531320617CDB009C7651 /* CustomCell.swift in Sources */ = {isa = PBXBuildFile; fileRef = 9367531220617CDB009C7651 /* CustomCell.swift */; };
		93A02E8620631A49004C82F6 /* Companies.xcdatamodeld in Sources */ = {isa = PBXBuildFile; fileRef = 93A02E8420631A49004C82F6 /* Companies.xcdatamodeld */; };
		93A0B51620632A5000416999 /* HideKeyboard.swift in Sources */ = {isa = PBXBuildFile; fileRef = 93A0B51520632A5000416999 /* HideKeyboard.swift */; };
/* End PBXBuildFile section */

/* Begin PBXFileReference section */
		936752FB2060A2BC009C7651 /* Companies.app */ = {isa = PBXFileReference; explicitFileType = wrapper.application; includeInIndex = 0; path = Companies.app; sourceTree = BUILT_PRODUCTS_DIR; };
		936752FE2060A2BC009C7651 /* AppDelegate.swift */ = {isa = PBXFileReference; lastKnownFileType = sourcecode.swift; path = AppDelegate.swift; sourceTree = "<group>"; };
		936753002060A2BC009C7651 /* OneVC.swift */ = {isa = PBXFileReference; lastKnownFileType = sourcecode.swift; path = OneVC.swift; sourceTree = "<group>"; };
		936753032060A2BC009C7651 /* Base */ = {isa = PBXFileReference; lastKnownFileType = file.storyboard; name = Base; path = Base.lproj/Main.storyboard; sourceTree = "<group>"; };
		936753052060A2BC009C7651 /* Assets.xcassets */ = {isa = PBXFileReference; lastKnownFileType = folder.assetcatalog; path = Assets.xcassets; sourceTree = "<group>"; };
		936753082060A2BC009C7651 /* Base */ = {isa = PBXFileReference; lastKnownFileType = file.storyboard; name = Base; path = Base.lproj/LaunchScreen.storyboard; sourceTree = "<group>"; };
		9367530A2060A2BC009C7651 /* Info.plist */ = {isa = PBXFileReference; lastKnownFileType = text.plist.xml; path = Info.plist; sourceTree = "<group>"; };
		936753102060B3AB009C7651 /* TwoVC.swift */ = {isa = PBXFileReference; lastKnownFileType = sourcecode.swift; path = TwoVC.swift; sourceTree = "<group>"; };
		9367531220617CDB009C7651 /* CustomCell.swift */ = {isa = PBXFileReference; lastKnownFileType = sourcecode.swift; path = CustomCell.swift; sourceTree = "<group>"; };
		93A02E8520631A49004C82F6 /* Companies.xcdatamodel */ = {isa = PBXFileReference; lastKnownFileType = wrapper.xcdatamodel; path = Companies.xcdatamodel; sourceTree = "<group>"; };
		93A0B51520632A5000416999 /* HideKeyboard.swift */ = {isa = PBXFileReference; lastKnownFileType = sourcecode.swift; path = HideKeyboard.swift; sourceTree = "<group>"; };
/* End PBXFileReference section */

/* Begin PBXFrameworksBuildPhase section */
		936752F82060A2BC009C7651 /* Frameworks */ = {
			isa = PBXFrameworksBuildPhase;
			buildActionMask = 2147483647;
			files = (
			);
			runOnlyForDeploymentPostprocessing = 0;
		};
/* End PBXFrameworksBuildPhase section */

/* Begin PBXGroup section */
		936752F22060A2BC009C7651 = {
			isa = PBXGroup;
			children = (
				9367531220617CDB009C7651 /* CustomCell.swift */,
				936752FD2060A2BC009C7651 /* Companies */,
				936752FC2060A2BC009C7651 /* Products */,
			);
			sourceTree = "<group>";
		};
		936752FC2060A2BC009C7651 /* Products */ = {
			isa = PBXGroup;
			children = (
				936752FB2060A2BC009C7651 /* Companies.app */,
			);
			name = Products;
			sourceTree = "<group>";
		};
		936752FD2060A2BC009C7651 /* Companies */ = {
			isa = PBXGroup;
			children = (
				936752FE2060A2BC009C7651 /* AppDelegate.swift */,
				936753002060A2BC009C7651 /* OneVC.swift */,
				93A0B51520632A5000416999 /* HideKeyboard.swift */,
				93A02E8420631A49004C82F6 /* Companies.xcdatamodeld */,
				936753102060B3AB009C7651 /* TwoVC.swift */,
				936753022060A2BC009C7651 /* Main.storyboard */,
				936753052060A2BC009C7651 /* Assets.xcassets */,
				936753072060A2BC009C7651 /* LaunchScreen.storyboard */,
				9367530A2060A2BC009C7651 /* Info.plist */,
			);
			path = Companies;
			sourceTree = "<group>";
		};
/* End PBXGroup section */

/* Begin PBXNativeTarget section */
		936752FA2060A2BC009C7651 /* Companies */ = {
			isa = PBXNativeTarget;
			buildConfigurationList = 9367530D2060A2BC009C7651 /* Build configuration list for PBXNativeTarget "Companies" */;
			buildPhases = (
				936752F72060A2BC009C7651 /* Sources */,
				936752F82060A2BC009C7651 /* Frameworks */,
				936752F92060A2BC009C7651 /* Resources */,
			);
			buildRules = (
			);
			dependencies = (
			);
			name = Companies;
			productName = Companies;
			productReference = 936752FB2060A2BC009C7651 /* Companies.app */;
			productType = "com.apple.product-type.application";
		};
/* End PBXNativeTarget section */

/* Begin PBXProject section */
		936752F32060A2BC009C7651 /* Project object */ = {
			isa = PBXProject;
			attributes = {
				LastSwiftUpdateCheck = 0920;
				LastUpgradeCheck = 0920;
				ORGANIZATIONNAME = john;
				TargetAttributes = {
					936752FA2060A2BC009C7651 = {
						CreatedOnToolsVersion = 9.2;
						ProvisioningStyle = Automatic;
					};
				};
			};
			buildConfigurationList = 936752F62060A2BC009C7651 /* Build configuration list for PBXProject "Companies" */;
			compatibilityVersion = "Xcode 8.0";
			developmentRegion = en;
			hasScannedForEncodings = 0;
			knownRegions = (
				en,
				Base,
			);
			mainGroup = 936752F22060A2BC009C7651;
			productRefGroup = 936752FC2060A2BC009C7651 /* Products */;
			projectDirPath = "";
			projectRoot = "";
			targets = (
				936752FA2060A2BC009C7651 /* Companies */,
			);
		};
/* End PBXProject section */

/* Begin PBXResourcesBuildPhase section */
		936752F92060A2BC009C7651 /* Resources */ = {
			isa = PBXResourcesBuildPhase;
			buildActionMask = 2147483647;
			files = (
				936753092060A2BC009C7651 /* LaunchScreen.storyboard in Resources */,
				936753062060A2BC009C7651 /* Assets.xcassets in Resources */,
				936753042060A2BC009C7651 /* Main.storyboard in Resources */,
			);
			runOnlyForDeploymentPostprocessing = 0;
		};
/* End PBXResourcesBuildPhase section */

/* Begin PBXSourcesBuildPhase section */
		936752F72060A2BC009C7651 /* Sources */ = {
			isa = PBXSourcesBuildPhase;
			buildActionMask = 2147483647;
			files = (
				936753012060A2BC009C7651 /* OneVC.swift in Sources */,
				936753112060B3AB009C7651 /* TwoVC.swift in Sources */,
				9367531320617CDB009C7651 /* CustomCell.swift in Sources */,
				93A02E8620631A49004C82F6 /* Companies.xcdatamodeld in Sources */,
				93A0B51620632A5000416999 /* HideKeyboard.swift in Sources */,
				936752FF2060A2BC009C7651 /* AppDelegate.swift in Sources */,
			);
			runOnlyForDeploymentPostprocessing = 0;
		};
/* End PBXSourcesBuildPhase section */

/* Begin PBXVariantGroup section */
		936753022060A2BC009C7651 /* Main.storyboard */ = {
			isa = PBXVariantGroup;
			children = (
				936753032060A2BC009C7651 /* Base */,
			);
			name = Main.storyboard;
			sourceTree = "<group>";
		};
		936753072060A2BC009C7651 /* LaunchScreen.storyboard */ = {
			isa = PBXVariantGroup;
			children = (
				936753082060A2BC009C7651 /* Base */,
			);
			name = LaunchScreen.storyboard;
			sourceTree = "<group>";
		};
/* End PBXVariantGroup section */

/* Begin XCBuildConfiguration section */
		9367530B2060A2BC009C7651 /* Debug */ = {
			isa = XCBuildConfiguration;
			buildSettings = {
				ALWAYS_SEARCH_USER_PATHS = NO;
				CLANG_ANALYZER_NONNULL = YES;
				CLANG_ANALYZER_NUMBER_OBJECT_CONVERSION = YES_AGGRESSIVE;
				CLANG_CXX_LANGUAGE_STANDARD = "gnu++14";
				CLANG_CXX_LIBRARY = "libc++";
				CLANG_ENABLE_MODULES = YES;
				CLANG_ENABLE_OBJC_ARC = YES;
				CLANG_WARN_BLOCK_CAPTURE_AUTORELEASING = YES;
				CLANG_WARN_BOOL_CONVERSION = YES;
				CLANG_WARN_COMMA = YES;
				CLANG_WARN_CONSTANT_CONVERSION = YES;
				CLANG_WARN_DIRECT_OBJC_ISA_USAGE = YES_ERROR;
				CLANG_WARN_DOCUMENTATION_COMMENTS = YES;
				CLANG_WARN_EMPTY_BODY = YES;
				CLANG_WARN_ENUM_CONVERSION = YES;
				CLANG_WARN_INFINITE_RECURSION = YES;
				CLANG_WARN_INT_CONVERSION = YES;
				CLANG_WARN_NON_LITERAL_NULL_CONVERSION = YES;
				CLANG_WARN_OBJC_LITERAL_CONVERSION = YES;
				CLANG_WARN_OBJC_ROOT_CLASS = YES_ERROR;
				CLANG_WARN_RANGE_LOOP_ANALYSIS = YES;
				CLANG_WARN_STRICT_PROTOTYPES = YES;
				CLANG_WARN_SUSPICIOUS_MOVE = YES;
				CLANG_WARN_UNGUARDED_AVAILABILITY = YES_AGGRESSIVE;
				CLANG_WARN_UNREACHABLE_CODE = YES;
				CLANG_WARN__DUPLICATE_METHOD_MATCH = YES;
				CODE_SIGN_IDENTITY = "iPhone Developer";
				COPY_PHASE_STRIP = NO;
				DEBUG_INFORMATION_FORMAT = dwarf;
				ENABLE_STRICT_OBJC_MSGSEND = YES;
				ENABLE_TESTABILITY = YES;
				GCC_C_LANGUAGE_STANDARD = gnu11;
				GCC_DYNAMIC_NO_PIC = NO;
				GCC_NO_COMMON_BLOCKS = YES;
				GCC_OPTIMIZATION_LEVEL = 0;
				GCC_PREPROCESSOR_DEFINITIONS = (
					"DEBUG=1",
					"$(inherited)",
				);
				GCC_WARN_64_TO_32_BIT_CONVERSION = YES;
				GCC_WARN_ABOUT_RETURN_TYPE = YES_ERROR;
				GCC_WARN_UNDECLARED_SELECTOR = YES;
				GCC_WARN_UNINITIALIZED_AUTOS = YES_AGGRESSIVE;
				GCC_WARN_UNUSED_FUNCTION = YES;
				GCC_WARN_UNUSED_VARIABLE = YES;
				IPHONEOS_DEPLOYMENT_TARGET = 11.2;
				MTL_ENABLE_DEBUG_INFO = YES;
				ONLY_ACTIVE_ARCH = YES;
				SDKROOT = iphoneos;
				SWIFT_ACTIVE_COMPILATION_CONDITIONS = DEBUG;
				SWIFT_OPTIMIZATION_LEVEL = "-Onone";
			};
			name = Debug;
		};
		9367530C2060A2BC009C7651 /* Release */ = {
			isa = XCBuildConfiguration;
			buildSettings = {
				ALWAYS_SEARCH_USER_PATHS = NO;
				CLANG_ANALYZER_NONNULL = YES;
				CLANG_ANALYZER_NUMBER_OBJECT_CONVERSION = YES_AGGRESSIVE;
				CLANG_CXX_LANGUAGE_STANDARD = "gnu++14";
				CLANG_CXX_LIBRARY = "libc++";
				CLANG_ENABLE_MODULES = YES;
				CLANG_ENABLE_OBJC_ARC = YES;
				CLANG_WARN_BLOCK_CAPTURE_AUTORELEASING = YES;
				CLANG_WARN_BOOL_CONVERSION = YES;
				CLANG_WARN_COMMA = YES;
				CLANG_WARN_CONSTANT_CONVERSION = YES;
				CLANG_WARN_DIRECT_OBJC_ISA_USAGE = YES_ERROR;
				CLANG_WARN_DOCUMENTATION_COMMENTS = YES;
				CLANG_WARN_EMPTY_BODY = YES;
				CLANG_WARN_ENUM_CONVERSION = YES;
				CLANG_WARN_INFINITE_RECURSION = YES;
				CLANG_WARN_INT_CONVERSION = YES;
				CLANG_WARN_NON_LITERAL_NULL_CONVERSION = YES;
				CLANG_WARN_OBJC_LITERAL_CONVERSION = YES;
				CLANG_WARN_OBJC_ROOT_CLASS = YES_ERROR;
				CLANG_WARN_RANGE_LOOP_ANALYSIS = YES;
				CLANG_WARN_STRICT_PROTOTYPES = YES;
				CLANG_WARN_SUSPICIOUS_MOVE = YES;
				CLANG_WARN_UNGUARDED_AVAILABILITY = YES_AGGRESSIVE;
				CLANG_WARN_UNREACHABLE_CODE = YES;
				CLANG_WARN__DUPLICATE_METHOD_MATCH = YES;
				CODE_SIGN_IDENTITY = "iPhone Developer";
				COPY_PHASE_STRIP = NO;
				DEBUG_INFORMATION_FORMAT = "dwarf-with-dsym";
				ENABLE_NS_ASSERTIONS = NO;
				ENABLE_STRICT_OBJC_MSGSEND = YES;
				GCC_C_LANGUAGE_STANDARD = gnu11;
				GCC_NO_COMMON_BLOCKS = YES;
				GCC_WARN_64_TO_32_BIT_CONVERSION = YES;
				GCC_WARN_ABOUT_RETURN_TYPE = YES_ERROR;
				GCC_WARN_UNDECLARED_SELECTOR = YES;
				GCC_WARN_UNINITIALIZED_AUTOS = YES_AGGRESSIVE;
				GCC_WARN_UNUSED_FUNCTION = YES;
				GCC_WARN_UNUSED_VARIABLE = YES;
				IPHONEOS_DEPLOYMENT_TARGET = 11.2;
				MTL_ENABLE_DEBUG_INFO = NO;
				SDKROOT = iphoneos;
				SWIFT_OPTIMIZATION_LEVEL = "-Owholemodule";
				VALIDATE_PRODUCT = YES;
			};
			name = Release;
		};
		9367530E2060A2BC009C7651 /* Debug */ = {
			isa = XCBuildConfiguration;
			buildSettings = {
				ASSETCATALOG_COMPILER_APPICON_NAME = AppIcon;
				CODE_SIGN_STYLE = Automatic;
				DEVELOPMENT_TEAM = CW3D96UX8Q;
				INFOPLIST_FILE = Companies/Info.plist;
				LD_RUNPATH_SEARCH_PATHS = "$(inherited) @executable_path/Frameworks";
				PRODUCT_BUNDLE_IDENTIFIER = "John-Bradley.Companies";
				PRODUCT_NAME = "$(TARGET_NAME)";
				SWIFT_VERSION = 4.0;
				TARGETED_DEVICE_FAMILY = "1,2";
			};
			name = Debug;
		};
		9367530F2060A2BC009C7651 /* Release */ = {
			isa = XCBuildConfiguration;
			buildSettings = {
				ASSETCATALOG_COMPILER_APPICON_NAME = AppIcon;
				CODE_SIGN_STYLE = Automatic;
				DEVELOPMENT_TEAM = CW3D96UX8Q;
				INFOPLIST_FILE = Companies/Info.plist;
				LD_RUNPATH_SEARCH_PATHS = "$(inherited) @executable_path/Frameworks";
				PRODUCT_BUNDLE_IDENTIFIER = "John-Bradley.Companies";
				PRODUCT_NAME = "$(TARGET_NAME)";
				SWIFT_VERSION = 4.0;
				TARGETED_DEVICE_FAMILY = "1,2";
			};
			name = Release;
		};
/* End XCBuildConfiguration section */

/* Begin XCConfigurationList section */
		936752F62060A2BC009C7651 /* Build configuration list for PBXProject "Companies" */ = {
			isa = XCConfigurationList;
			buildConfigurations = (
				9367530B2060A2BC009C7651 /* Debug */,
				9367530C2060A2BC009C7651 /* Release */,
			);
			defaultConfigurationIsVisible = 0;
			defaultConfigurationName = Release;
		};
		9367530D2060A2BC009C7651 /* Build configuration list for PBXNativeTarget "Companies" */ = {
			isa = XCConfigurationList;
			buildConfigurations = (
				9367530E2060A2BC009C7651 /* Debug */,
				9367530F2060A2BC009C7651 /* Release */,
			);
			defaultConfigurationIsVisible = 0;
			defaultConfigurationName = Release;
		};
/* End XCConfigurationList section */

/* Begin XCVersionGroup section */
		93A02E8420631A49004C82F6 /* Companies.xcdatamodeld */ = {
			isa = XCVersionGroup;
			children = (
				93A02E8520631A49004C82F6 /* Companies.xcdatamodel */,
			);
			currentVersion = 93A02E8520631A49004C82F6 /* Companies.xcdatamodel */;
			path = Companies.xcdatamodeld;
			sourceTree = "<group>";
			versionGroupType = wrapper.xcdatamodel;
		};
/* End XCVersionGroup section */
	};
	rootObject = 936752F32060A2BC009C7651 /* Project object */;
}
